{
  "name": "test",
  "version": "0.0.1",
  "lockfileVersion": 1,
  "requires": true,
  "dependencies": {
    "braces": {
      "version": "1.8.5",
      "resolved": "https://registry.npmjs.org/braces/-/braces-1.8.5.tgz",
      "integrity": "sha1-uneWLhLf+WnWt2cR6RS3N4V79qc=",
      "requires": {
        "expand-range": "^1.8.1",
        "preserve": "^0.2.0",
        "repeat-element": "^1.1.2"
      }
    },
    "debug": {
      "version": "2.6.9",
      "resolved": "https://registry.npmjs.org/debug/-/debug-2.6.9.tgz",
      "integrity": "sha512-bC7ElrdJaJnPbAP+1EotYvqZsb3ecl5wi6Bfi6BJTUcNowp6cvspg0jXznRTKDjm/E7AdgFBVeAPVMNcKGsHMA==",
      "requires": {
        "ms": "2.0.0"
      }
    },
    "dns-sync": {
      "version": "0.1.3",
      "resolved": "https://registry.npmjs.org/dns-sync/-/dns-sync-0.1.3.tgz",
      "integrity": "sha1-gPcpFC513UtfSx0+Upcx7jEplHI=",
      "requires": {
        "debug": "^2",
        "shelljs": "~0.5"
      }
    },
    "expand-range": {
      "version": "1.8.2",
      "resolved": "https://registry.npmjs.org/expand-range/-/expand-range-1.8.2.tgz",
      "integrity": "sha1-opnv/TNf4nIeuujiV+x5ZE/IUzc=",
      "requires": {
        "fill-range": "^2.1.0"
      }
    },
    "fake_submodule": {
      "version": "file:fake_submodule",
      "requires": {
        "braces": "^1.8.5"
      },
      "dependencies": {
        "braces": {
          "version": "1.8.5",
          "resolved": "https://registry.npmjs.org/braces/-/braces-1.8.5.tgz",
          "integrity": "sha1-uneWLhLf+WnWt2cR6RS3N4V79qc=",
          "requires": {
            "expand-range": "^1.8.1",
            "preserve": "^0.2.0",
            "repeat-element": "^1.1.2"
          }
        },
        "expand-range": {
          "version": "1.8.2",
          "resolved": "https://registry.npmjs.org/expand-range/-/expand-range-1.8.2.tgz",
          "integrity": "sha1-opnv/TNf4nIeuujiV+x5ZE/IUzc=",
          "requires": {
            "fill-range": "^2.1.0"
          }
        },
        "fill-range": {
          "version": "2.2.4",
          "resolved": "https://registry.npmjs.org/fill-range/-/fill-range-2.2.4.tgz",
          "integrity": "sha512-cnrcCbj01+j2gTG921VZPnHbjmdAf8oQV/iGeV2kZxGSyfYjjTyY79ErsK1WJWMpw6DaApEX72binqJE+/d+5Q==",
          "requires": {
            "is-number": "^2.1.0",
            "isobject": "^2.0.0",
            "randomatic": "^3.0.0",
            "repeat-element": "^1.1.2",
            "repeat-string": "^1.5.2"
          }
        },
        "is-buffer": {
          "version": "1.1.6",
          "resolved": "https://registry.npmjs.org/is-buffer/-/is-buffer-1.1.6.tgz",
          "integrity": "sha512-NcdALwpXkTm5Zvvbk7owOUSvVvBKDgKP5/ewfXEznmQFfs4ZRmanOeKBTjRVjka3QFoN6XJ+9F3USqfHqTaU5w=="
        },
        "is-number": {
          "version": "2.1.0",
          "resolved": "https://registry.npmjs.org/is-number/-/is-number-2.1.0.tgz",
          "integrity": "sha1-Afy7s5NGOlSPL0ZszhbezknbkI8=",
          "requires": {
            "kind-of": "^3.0.2"
          }
        },
        "isarray": {
          "version": "1.0.0",
          "resolved": "https://registry.npmjs.org/isarray/-/isarray-1.0.0.tgz",
          "integrity": "sha1-u5NdSFgsuhaMBoNJV6VKPgcSTxE="
        },
        "isobject": {
          "version": "2.1.0",
          "resolved": "https://registry.npmjs.org/isobject/-/isobject-2.1.0.tgz",
          "integrity": "sha1-8GVWEJaj8dou9GJy+BXIQNh+DIk=",
          "requires": {
            "isarray": "1.0.0"
          }
        },
        "kind-of": {
          "version": "3.2.2",
          "resolved": "https://registry.npmjs.org/kind-of/-/kind-of-3.2.2.tgz",
          "integrity": "sha1-MeohpzS6ubuw8yRm2JOupR5KPGQ=",
          "requires": {
            "is-buffer": "^1.1.5"
          }
        },
        "math-random": {
          "version": "1.0.4",
          "resolved": "https://registry.npmjs.org/math-random/-/math-random-1.0.4.tgz",
          "integrity": "sha512-rUxjysqif/BZQH2yhd5Aaq7vXMSx9NdEsQcyA07uEzIvxgI7zIr33gGsh+RU0/XjmQpCW7RsVof1vlkvQVCK5A=="
        },
        "preserve": {
          "version": "0.2.0",
          "resolved": "https://registry.npmjs.org/preserve/-/preserve-0.2.0.tgz",
          "integrity": "sha1-gV7R9uvGWSb4ZbMQwHE7yzMVzks="
        },
        "randomatic": {
          "version": "3.1.1",
          "resolved": "https://registry.npmjs.org/randomatic/-/randomatic-3.1.1.tgz",
          "integrity": "sha512-TuDE5KxZ0J461RVjrJZCJc+J+zCkTb1MbH9AQUq68sMhOMcy9jLcb3BrZKgp9q9Ncltdg4QVqWrH02W2EFFVYw==",
          "requires": {
            "is-number": "^4.0.0",
            "kind-of": "^6.0.0",
            "math-random": "^1.0.1"
          },
          "dependencies": {
            "is-number": {
              "version": "4.0.0",
              "resolved": "https://registry.npmjs.org/is-number/-/is-number-4.0.0.tgz",
              "integrity": "sha512-rSklcAIlf1OmFdyAqbnWTLVelsQ58uvZ66S/ZyawjWqIviTWCjg2PzVGw8WUA+nNuPTqb4wgA+NszrJ+08LlgQ=="
            },
            "kind-of": {
              "version": "6.0.3",
              "resolved": "https://registry.npmjs.org/kind-of/-/kind-of-6.0.3.tgz",
              "integrity": "sha512-dcS1ul+9tmeD95T+x28/ehLgd9mENa3LsvDTtzm3vyBEO7RPptvAD+t44WVXaUjTBRcrpFeFlC8WCruUR456hw=="
            }
          }
        },
        "repeat-element": {
          "version": "1.1.3",
          "resolved": "https://registry.npmjs.org/repeat-element/-/repeat-element-1.1.3.tgz",
          "integrity": "sha512-ahGq0ZnV5m5XtZLMb+vP76kcAM5nkLqk0lpqAuojSKGgQtn4eRi4ZZGm2olo2zKFH+sMsWaqOCW1dqAnOru72g=="
        },
        "repeat-string": {
          "version": "1.6.1",
          "resolved": "https://registry.npmjs.org/repeat-string/-/repeat-string-1.6.1.tgz",
          "integrity": "sha1-jcrkcOHIirwtYA//Sndihtp15jc="
        }
      }
    },
    "fill-range": {
      "version": "2.2.4",
      "resolved": "https://registry.npmjs.org/fill-range/-/fill-range-2.2.4.tgz",
      "integrity": "sha512-cnrcCbj01+j2gTG921VZPnHbjmdAf8oQV/iGeV2kZxGSyfYjjTyY79ErsK1WJWMpw6DaApEX72binqJE+/d+5Q==",
      "requires": {
        "is-number": "^2.1.0",
        "isobject": "^2.0.0",
        "randomatic": "^3.0.0",
        "repeat-element": "^1.1.2",
        "repeat-string": "^1.5.2"
      }
    },
    "fsevents": {
      "version": "1.2.8",
      "resolved": "https://registry.npmjs.org/fsevents/-/fsevents-1.2.8.tgz",
      "integrity": "sha512-tPvHgPGB7m40CZ68xqFGkKuzN+RnpGmSV+hgeKxhRpbxdqKXUFJGC3yonBOLzQBcJyGpdZFDfCsdOC2KFsXzeA==",
      "optional": true,
      "requires": {
        "nan": "^2.12.1",
        "node-pre-gyp": "^0.12.0"
      },
      "dependencies": {
        "abbrev": {
          "version": "1.1.1",
          "bundled": true,
          "optional": true
        },
        "ansi-regex": {
          "version": "2.1.1",
          "bundled": true,
          "optional": true
        },
        "aproba": {
          "version": "1.2.0",
          "bundled": true,
          "optional": true
        },
        "are-we-there-yet": {
          "version": "1.1.5",
          "bundled": true,
          "optional": true,
          "requires": {
            "delegates": "^1.0.0",
            "readable-stream": "^2.0.6"
          }
        },
        "balanced-match": {
          "version": "1.0.0",
          "bundled": true,
          "optional": true
        },
        "brace-expansion": {
          "version": "1.1.11",
          "bundled": true,
          "optional": true,
          "requires": {
            "balanced-match": "^1.0.0",
            "concat-map": "0.0.1"
          }
        },
        "chownr": {
          "version": "1.1.1",
          "bundled": true,
          "optional": true
        },
        "code-point-at": {
          "version": "1.1.0",
          "bundled": true,
          "optional": true
        },
        "concat-map": {
          "version": "0.0.1",
          "bundled": true,
          "optional": true
        },
        "console-control-strings": {
          "version": "1.1.0",
          "bundled": true,
          "optional": true
        },
        "core-util-is": {
          "version": "1.0.2",
          "bundled": true,
          "optional": true
        },
        "debug": {
          "version": "4.1.1",
          "bundled": true,
          "optional": true,
          "requires": {
            "ms": "^2.1.1"
          }
        },
        "deep-extend": {
          "version": "0.6.0",
          "bundled": true,
          "optional": true
        },
        "delegates": {
          "version": "1.0.0",
          "bundled": true,
          "optional": true
        },
        "detect-libc": {
          "version": "1.0.3",
          "bundled": true,
          "optional": true
        },
        "fs-minipass": {
          "version": "1.2.5",
          "bundled": true,
          "optional": true,
          "requires": {
            "minipass": "^2.2.1"
          }
        },
        "fs.realpath": {
          "version": "1.0.0",
          "bundled": true,
          "optional": true
        },
        "gauge": {
          "version": "2.7.4",
          "bundled": true,
          "optional": true,
          "requires": {
            "aproba": "^1.0.3",
            "console-control-strings": "^1.0.0",
            "has-unicode": "^2.0.0",
            "object-assign": "^4.1.0",
            "signal-exit": "^3.0.0",
            "string-width": "^1.0.1",
            "strip-ansi": "^3.0.1",
            "wide-align": "^1.1.0"
          }
        },
        "glob": {
          "version": "7.1.3",
          "bundled": true,
          "optional": true,
          "requires": {
            "fs.realpath": "^1.0.0",
            "inflight": "^1.0.4",
            "inherits": "2",
            "minimatch": "^3.0.4",
            "once": "^1.3.0",
            "path-is-absolute": "^1.0.0"
          }
        },
        "has-unicode": {
          "version": "2.0.1",
          "bundled": true,
          "optional": true
        },
        "iconv-lite": {
          "version": "0.4.24",
          "bundled": true,
          "optional": true,
          "requires": {
            "safer-buffer": ">= 2.1.2 < 3"
          }
        },
        "ignore-walk": {
          "version": "3.0.1",
          "bundled": true,
          "optional": true,
          "requires": {
            "minimatch": "^3.0.4"
          }
        },
        "inflight": {
          "version": "1.0.6",
          "bundled": true,
          "optional": true,
          "requires": {
            "once": "^1.3.0",
            "wrappy": "1"
          }
        },
        "inherits": {
          "version": "2.0.3",
          "bundled": true,
          "optional": true
        },
        "ini": {
          "version": "1.3.5",
          "bundled": true,
          "optional": true
        },
        "is-fullwidth-code-point": {
          "version": "1.0.0",
          "bundled": true,
          "optional": true,
          "requires": {
            "number-is-nan": "^1.0.0"
          }
        },
        "isarray": {
          "version": "1.0.0",
          "bundled": true,
          "optional": true
        },
        "minimatch": {
          "version": "3.0.4",
          "bundled": true,
          "optional": true,
          "requires": {
            "brace-expansion": "^1.1.7"
          }
        },
        "minimist": {
          "version": "0.0.8",
          "bundled": true,
          "optional": true
        },
        "minipass": {
          "version": "2.3.5",
          "bundled": true,
          "optional": true,
          "requires": {
            "safe-buffer": "^5.1.2",
            "yallist": "^3.0.0"
          }
        },
        "minizlib": {
          "version": "1.2.1",
          "bundled": true,
          "optional": true,
          "requires": {
            "minipass": "^2.2.1"
          }
        },
        "mkdirp": {
          "version": "0.5.1",
          "bundled": true,
          "optional": true,
          "requires": {
            "minimist": "0.0.8"
          }
        },
        "ms": {
          "version": "2.1.1",
          "bundled": true,
          "optional": true
        },
        "needle": {
          "version": "2.3.0",
          "bundled": true,
          "optional": true,
          "requires": {
            "debug": "^4.1.0",
            "iconv-lite": "^0.4.4",
            "sax": "^1.2.4"
          }
        },
        "node-pre-gyp": {
          "version": "0.12.0",
          "bundled": true,
          "optional": true,
          "requires": {
            "detect-libc": "^1.0.2",
            "mkdirp": "^0.5.1",
            "needle": "^2.2.1",
            "nopt": "^4.0.1",
            "npm-packlist": "^1.1.6",
            "npmlog": "^4.0.2",
            "rc": "^1.2.7",
            "rimraf": "^2.6.1",
            "semver": "^5.3.0",
            "tar": "^4"
          }
        },
        "nopt": {
          "version": "4.0.1",
          "bundled": true,
          "optional": true,
          "requires": {
            "abbrev": "1",
            "osenv": "^0.1.4"
          }
        },
        "npm-bundled": {
          "version": "1.0.6",
          "bundled": true,
          "optional": true
        },
        "npm-packlist": {
          "version": "1.4.1",
          "bundled": true,
          "optional": true,
          "requires": {
            "ignore-walk": "^3.0.1",
            "npm-bundled": "^1.0.1"
          }
        },
        "npmlog": {
          "version": "4.1.2",
          "bundled": true,
          "optional": true,
          "requires": {
            "are-we-there-yet": "~1.1.2",
            "console-control-strings": "~1.1.0",
            "gauge": "~2.7.3",
            "set-blocking": "~2.0.0"
          }
        },
        "number-is-nan": {
          "version": "1.0.1",
          "bundled": true,
          "optional": true
        },
        "object-assign": {
          "version": "4.1.1",
          "bundled": true,
          "optional": true
        },
        "once": {
          "version": "1.4.0",
          "bundled": true,
          "optional": true,
          "requires": {
            "wrappy": "1"
          }
        },
        "os-homedir": {
          "version": "1.0.2",
          "bundled": true,
          "optional": true
        },
        "os-tmpdir": {
          "version": "1.0.2",
          "bundled": true,
          "optional": true
        },
        "osenv": {
          "version": "0.1.5",
          "bundled": true,
          "optional": true,
          "requires": {
            "os-homedir": "^1.0.0",
            "os-tmpdir": "^1.0.0"
          }
        },
        "path-is-absolute": {
          "version": "1.0.1",
          "bundled": true,
          "optional": true
        },
        "process-nextick-args": {
          "version": "2.0.0",
          "bundled": true,
          "optional": true
        },
        "rc": {
          "version": "1.2.8",
          "bundled": true,
          "optional": true,
          "requires": {
            "deep-extend": "^0.6.0",
            "ini": "~1.3.0",
            "minimist": "^1.2.0",
            "strip-json-comments": "~2.0.1"
          },
          "dependencies": {
            "minimist": {
              "version": "1.2.0",
              "bundled": true,
              "optional": true
            }
          }
        },
        "readable-stream": {
          "version": "2.3.6",
          "bundled": true,
          "optional": true,
          "requires": {
            "core-util-is": "~1.0.0",
            "inherits": "~2.0.3",
            "isarray": "~1.0.0",
            "process-nextick-args": "~2.0.0",
            "safe-buffer": "~5.1.1",
            "string_decoder": "~1.1.1",
            "util-deprecate": "~1.0.1"
          }
        },
        "rimraf": {
          "version": "2.6.3",
          "bundled": true,
          "optional": true,
          "requires": {
            "glob": "^7.1.3"
          }
        },
        "safe-buffer": {
          "version": "5.1.2",
          "bundled": true,
          "optional": true
        },
        "safer-buffer": {
          "version": "2.1.2",
          "bundled": true,
          "optional": true
        },
        "sax": {
          "version": "1.2.4",
          "bundled": true,
          "optional": true
        },
        "semver": {
          "version": "5.7.0",
          "bundled": true,
          "optional": true
        },
        "set-blocking": {
          "version": "2.0.0",
          "bundled": true,
          "optional": true
        },
        "signal-exit": {
          "version": "3.0.2",
          "bundled": true,
          "optional": true
        },
        "string-width": {
          "version": "1.0.2",
          "bundled": true,
          "optional": true,
          "requires": {
            "code-point-at": "^1.0.0",
            "is-fullwidth-code-point": "^1.0.0",
            "strip-ansi": "^3.0.0"
          }
        },
        "string_decoder": {
          "version": "1.1.1",
          "bundled": true,
          "optional": true,
          "requires": {
            "safe-buffer": "~5.1.0"
          }
        },
        "strip-ansi": {
          "version": "3.0.1",
          "bundled": true,
          "optional": true,
          "requires": {
            "ansi-regex": "^2.0.0"
          }
        },
        "strip-json-comments": {
          "version": "2.0.1",
          "bundled": true,
          "optional": true
        },
        "tar": {
          "version": "4.4.8",
          "bundled": true,
          "optional": true,
          "requires": {
            "chownr": "^1.1.1",
            "fs-minipass": "^1.2.5",
            "minipass": "^2.3.4",
            "minizlib": "^1.1.1",
            "mkdirp": "^0.5.0",
            "safe-buffer": "^5.1.2",
            "yallist": "^3.0.2"
          }
        },
        "util-deprecate": {
          "version": "1.0.2",
          "bundled": true,
          "optional": true
        },
        "wide-align": {
          "version": "1.1.3",
          "bundled": true,
          "optional": true,
          "requires": {
            "string-width": "^1.0.2 || 2"
          }
        },
        "wrappy": {
          "version": "1.0.2",
          "bundled": true,
          "optional": true
        },
        "yallist": {
          "version": "3.0.3",
          "bundled": true,
          "optional": true
        }
      }
    },
    "is-buffer": {
      "version": "1.1.6",
      "resolved": "https://registry.npmjs.org/is-buffer/-/is-buffer-1.1.6.tgz",
      "integrity": "sha512-NcdALwpXkTm5Zvvbk7owOUSvVvBKDgKP5/ewfXEznmQFfs4ZRmanOeKBTjRVjka3QFoN6XJ+9F3USqfHqTaU5w=="
    },
    "is-number": {
      "version": "2.1.0",
      "resolved": "https://registry.npmjs.org/is-number/-/is-number-2.1.0.tgz",
      "integrity": "sha1-Afy7s5NGOlSPL0ZszhbezknbkI8=",
      "requires": {
        "kind-of": "^3.0.2"
      }
    },
    "isarray": {
      "version": "1.0.0",
      "resolved": "https://registry.npmjs.org/isarray/-/isarray-1.0.0.tgz",
      "integrity": "sha1-u5NdSFgsuhaMBoNJV6VKPgcSTxE="
    },
    "isobject": {
      "version": "2.1.0",
      "resolved": "https://registry.npmjs.org/isobject/-/isobject-2.1.0.tgz",
      "integrity": "sha1-8GVWEJaj8dou9GJy+BXIQNh+DIk=",
      "requires": {
        "isarray": "1.0.0"
      }
    },
    "kind-of": {
      "version": "3.2.2",
      "resolved": "https://registry.npmjs.org/kind-of/-/kind-of-3.2.2.tgz",
      "integrity": "sha1-MeohpzS6ubuw8yRm2JOupR5KPGQ=",
      "requires": {
        "is-buffer": "^1.1.5"
      }
    },
    "lighter-config": {
      "version": "1.1.0",
      "resolved": "https://registry.npmjs.org/lighter-config/-/lighter-config-1.1.0.tgz",
      "integrity": "sha1-cyx89t4DvXPYw2QkZtgVWk0Kzb4="
    },
    "lighter-run": {
      "version": "1.2.1",
      "resolved": "https://registry.npmjs.org/lighter-run/-/lighter-run-1.2.1.tgz",
      "integrity": "sha1-uhy1y7JkyUEfvA9PwSKWKjClB2c=",
      "requires": {
        "fsevents": ">=1.0.14 <2",
        "lighter-config": ">=1.1.0 <2"
      }
    },
    "math-random": {
      "version": "1.0.4",
      "resolved": "https://registry.npmjs.org/math-random/-/math-random-1.0.4.tgz",
      "integrity": "sha512-rUxjysqif/BZQH2yhd5Aaq7vXMSx9NdEsQcyA07uEzIvxgI7zIr33gGsh+RU0/XjmQpCW7RsVof1vlkvQVCK5A=="
    },
    "ms": {
      "version": "2.0.0",
      "resolved": "https://registry.npmjs.org/ms/-/ms-2.0.0.tgz",
      "integrity": "sha1-VgiurfwAvmwpAd9fmGF4jeDVl8g="
    },
    "nan": {
      "version": "2.13.2",
      "resolved": "https://registry.npmjs.org/nan/-/nan-2.13.2.tgz",
      "integrity": "sha512-TghvYc72wlMGMVMluVo9WRJc0mB8KxxF/gZ4YYFy7V2ZQX9l7rgbPg7vjS9mt6U5HXODVFVI2bOduCzwOMv/lw==",
      "optional": true
    },
    "pause-stream": {
      "version": "0.0.11",
      "resolved": "http://registry.npmjs.org/pause-stream/-/pause-stream-0.0.11.tgz",
      "integrity": "sha1-/lo0sMvOErWqaitAPuLnO2AvFEU=",
      "requires": {
        "through": "~2.3"
      }
    },
    "preserve": {
      "version": "0.2.0",
      "resolved": "https://registry.npmjs.org/preserve/-/preserve-0.2.0.tgz",
      "integrity": "sha1-gV7R9uvGWSb4ZbMQwHE7yzMVzks="
    },
    "randomatic": {
      "version": "3.1.1",
      "resolved": "https://registry.npmjs.org/randomatic/-/randomatic-3.1.1.tgz",
      "integrity": "sha512-TuDE5KxZ0J461RVjrJZCJc+J+zCkTb1MbH9AQUq68sMhOMcy9jLcb3BrZKgp9q9Ncltdg4QVqWrH02W2EFFVYw==",
      "requires": {
        "is-number": "^4.0.0",
        "kind-of": "^6.0.0",
        "math-random": "^1.0.1"
      },
      "dependencies": {
        "is-number": {
          "version": "4.0.0",
          "resolved": "https://registry.npmjs.org/is-number/-/is-number-4.0.0.tgz",
          "integrity": "sha512-rSklcAIlf1OmFdyAqbnWTLVelsQ58uvZ66S/ZyawjWqIviTWCjg2PzVGw8WUA+nNuPTqb4wgA+NszrJ+08LlgQ=="
        },
        "kind-of": {
          "version": "6.0.2",
          "resolved": "https://registry.npmjs.org/kind-of/-/kind-of-6.0.2.tgz",
          "integrity": "sha512-s5kLOcnH0XqDO+FvuaLX8DDjZ18CGFk7VygH40QoKPUQhW4e2rvM0rwUq0t8IQDOwYSeLK01U90OjzBTme2QqA=="
        }
      }
    },
    "repeat-element": {
      "version": "1.1.3",
      "resolved": "https://registry.npmjs.org/repeat-element/-/repeat-element-1.1.3.tgz",
      "integrity": "sha512-ahGq0ZnV5m5XtZLMb+vP76kcAM5nkLqk0lpqAuojSKGgQtn4eRi4ZZGm2olo2zKFH+sMsWaqOCW1dqAnOru72g=="
    },
    "repeat-string": {
      "version": "1.6.1",
      "resolved": "https://registry.npmjs.org/repeat-string/-/repeat-string-1.6.1.tgz",
      "integrity": "sha1-jcrkcOHIirwtYA//Sndihtp15jc="
    },
    "shelljs": {
      "version": "0.5.3",
      "resolved": "https://registry.npmjs.org/shelljs/-/shelljs-0.5.3.tgz",
      "integrity": "sha1-xUmCuZbHbvDB5rWfvcWCX1txMRM="
    },
    "through": {
      "version": "2.3.8",
      "resolved": "http://registry.npmjs.org/through/-/through-2.3.8.tgz",
      "integrity": "sha1-DdTJ/6q8NXlgsbckEV1+Doai4fU="
    }
  }
}
