# This file is autogenerated, do not edit; changes may be undone by the next 'dep ensure'.

[[projects]]
  branch = "master"
  name = "golang.org/x/lint"
  packages = ["."]
  revision = "06c8688daad7faa9da5a0c2f163a3d14aac986ca"

[[projects]]
  branch = "master"
  name = "golang.org/x/tools"
  packages = [
    "cmd/goimports",
    "go/ast/astutil",
    "go/gcexportdata",
    "go/internal/gcimporter",
    "go/types/typeutil",
    "imports",
    "internal/fastwalk"
  ]
  revision = "ad8705d9f66de7461d0035a9b184c5bc66c7ae64"

[[projects]]
  name = "gopkg.in/Shopify/sarama.v1"
  packages = ["."]
  revision = "35324cf48e33d8260e1c7c18854465a904ade249"
  version = "v1.17.0"

[[projects]]
  name = "gopkg.in/natefinch/lumberjack.v2"
  packages = ["."]
  revision = "a96e63847dc3c67d17befa69c303767e2f84e54f"
  version = "v2.1"

[[projects]]
  name = "github.com/openshift/origin"
  packages = ["."]

[solve-meta]
  analyzer-name = "dep"
  analyzer-version = 1
  inputs-digest = "f4553164896ef12002c127c25c13d2da7b3b80613a1f98e4b1072375bee0b523"
  solver-name = "gps-cdcl"
  solver-version = 1
