# Generated by pub
# See https://dart.dev/tools/pub/glossary#lockfile
packages:
  _fe_analyzer_shared:
    dependency: transitive
    description:
      name: _fe_analyzer_shared
      url: "https://pub.dartlang.org"
    source: hosted
    version: "40.0.0"
  analyzer:
    dependency: transitive
    description:
      name: analyzer
      url: "https://pub.dartlang.org"
    source: hosted
    version: "4.1.0"
  build_runner:
    dependency: "direct dev"
    description:
      name: build_runner
      url: "https://pub.dartlang.org"
    source: hosted
    version: "2.1.11"
  collection:
    dependency: "direct main"
    description:
      name: collection
      url: "https://pub.dartlang.org"
    source: hosted
    version: "1.16.0"
sdks:
  dart: ">=2.17.0 <3.0.0"
  flutter: ">=3.0.0"
