lockfileVersion: 5.3

specifiers:
  braces: 1.8.5
  dns-sync: ^0.1.3
  fake_submodule: file:fake_submodule
  lighter-run: ^1.2.1
  pause-stream: 0.0.11
  react-dom: npm:@hot-loader/react-dom

dependencies:
  braces: 1.8.5
  dns-sync: 0.1.3
  fake_submodule: link:fake_submodule
  lighter-run: 1.2.1
  pause-stream: 0.0.11
  react-dom: /@hot-loader/react-dom/17.0.1

packages:

  /@hot-loader/react-dom/17.0.1:
    resolution: {integrity: sha512-QttzEibkIFkl/WV1dsLXg73YIweNo9ySbB0/26068RqFGWyv7pKyictWsaQXqSj1y66/BDn3kglCHgroGrv3vA==}
    peerDependencies:
      react: 17.0.1
    dependencies:
      loose-envify: 1.4.0
      object-assign: 4.1.1
      scheduler: 0.20.2
    dev: false

  /bindings/1.5.0:
    resolution: {integrity: sha512-p2q/t/mhvuOj/UeLlV6566GD/guowlr0hHxClI0W9m7MWYkL1F0hLo+0Aexs9HSPCtR1SXQ0TD3MMKrXZajbiQ==}
    dependencies:
      file-uri-to-path: 1.0.0
    dev: false
    optional: true

  /braces/1.8.5:
    resolution: {integrity: sha1-uneWLhLf+WnWt2cR6RS3N4V79qc=}
    engines: {node: '>=0.10.0'}
    dependencies:
      expand-range: 1.8.2
      preserve: 0.2.0
      repeat-element: 1.1.4
    dev: false

  /debug/2.6.9:
    resolution: {integrity: sha512-bC7ElrdJaJnPbAP+1EotYvqZsb3ecl5wi6Bfi6BJTUcNowp6cvspg0jXznRTKDjm/E7AdgFBVeAPVMNcKGsHMA==}
    dependencies:
      ms: 2.0.0
    dev: false

  /dns-sync/0.1.3:
    resolution: {integrity: sha1-gPcpFC513UtfSx0+Upcx7jEplHI=}
    dependencies:
      debug: 2.6.9
      shelljs: 0.5.3
    dev: false

  /expand-range/1.8.2:
    resolution: {integrity: sha1-opnv/TNf4nIeuujiV+x5ZE/IUzc=}
    engines: {node: '>=0.10.0'}
    dependencies:
      fill-range: 2.2.4
    dev: false

  /file-uri-to-path/1.0.0:
    resolution: {integrity: sha512-0Zt+s3L7Vf1biwWZ29aARiVYLx7iMGnEUl9x33fbB/j3jR81u/O2LbqK+Bm1CDSNDKVtJ/YjwY7TUd5SkeLQLw==}
    dev: false
    optional: true

  /fill-range/2.2.4:
    resolution: {integrity: sha512-cnrcCbj01+j2gTG921VZPnHbjmdAf8oQV/iGeV2kZxGSyfYjjTyY79ErsK1WJWMpw6DaApEX72binqJE+/d+5Q==}
    engines: {node: '>=0.10.0'}
    dependencies:
      is-number: 2.1.0
      isobject: 2.1.0
      randomatic: 3.1.1
      repeat-element: 1.1.4
      repeat-string: 1.6.1
    dev: false

  /fsevents/1.2.13:
    resolution: {integrity: sha512-oWb1Z6mkHIskLzEJ/XWX0srkpkTQ7vaopMQkyaEIoq0fmtFVxOthb8cCxeT+p3ynTdkk/RZwbgG4brR5BeWECw==}
    engines: {node: '>= 4.0'}
    os: [darwin]
    deprecated: fsevents 1 will break on node v14+ and could be using insecure binaries. Upgrade to fsevents 2.
    requiresBuild: true
    dependencies:
      bindings: 1.5.0
      nan: 2.15.0
    dev: false
    optional: true

  /is-buffer/1.1.6:
    resolution: {integrity: sha512-NcdALwpXkTm5Zvvbk7owOUSvVvBKDgKP5/ewfXEznmQFfs4ZRmanOeKBTjRVjka3QFoN6XJ+9F3USqfHqTaU5w==}
    dev: false

  /is-number/2.1.0:
    resolution: {integrity: sha1-Afy7s5NGOlSPL0ZszhbezknbkI8=}
    engines: {node: '>=0.10.0'}
    dependencies:
      kind-of: 3.2.2
    dev: false

  /is-number/4.0.0:
    resolution: {integrity: sha512-rSklcAIlf1OmFdyAqbnWTLVelsQ58uvZ66S/ZyawjWqIviTWCjg2PzVGw8WUA+nNuPTqb4wgA+NszrJ+08LlgQ==}
    engines: {node: '>=0.10.0'}
    dev: false

  /isarray/1.0.0:
    resolution: {integrity: sha1-u5NdSFgsuhaMBoNJV6VKPgcSTxE=}
    dev: false

  /isobject/2.1.0:
    resolution: {integrity: sha1-8GVWEJaj8dou9GJy+BXIQNh+DIk=}
    engines: {node: '>=0.10.0'}
    dependencies:
      isarray: 1.0.0
    dev: false

  /js-tokens/4.0.0:
    resolution: {integrity: sha512-RdJUflcE3cUzKiMqQgsCu06FPu9UdIJO0beYbPhHN4k6apgJtifcoCtT9bcxOpYBtpD2kCM6Sbzg4CausW/PKQ==}
    dev: false

  /kind-of/3.2.2:
    resolution: {integrity: sha1-MeohpzS6ubuw8yRm2JOupR5KPGQ=}
    engines: {node: '>=0.10.0'}
    dependencies:
      is-buffer: 1.1.6
    dev: false

  /kind-of/6.0.3:
    resolution: {integrity: sha512-dcS1ul+9tmeD95T+x28/ehLgd9mENa3LsvDTtzm3vyBEO7RPptvAD+t44WVXaUjTBRcrpFeFlC8WCruUR456hw==}
    engines: {node: '>=0.10.0'}
    dev: false

  /lighter-config/1.1.0:
    resolution: {integrity: sha1-cyx89t4DvXPYw2QkZtgVWk0Kzb4=}
    engines: {node: '>=0.10.40'}
    dev: false

  /lighter-run/1.2.1:
    resolution: {integrity: sha1-uhy1y7JkyUEfvA9PwSKWKjClB2c=}
    engines: {node: '>=0.8.28'}
    hasBin: true
    dependencies:
      lighter-config: 1.1.0
    optionalDependencies:
      fsevents: 1.2.13
    dev: false

  /loose-envify/1.4.0:
    resolution: {integrity: sha512-lyuxPGr/Wfhrlem2CL/UcnUc1zcqKAImBDzukY7Y5F/yQiNdko6+fRLevlw1HgMySw7f611UIY408EtxRSoK3Q==}
    hasBin: true
    dependencies:
      js-tokens: 4.0.0
    dev: false

  /math-random/1.0.4:
    resolution: {integrity: sha512-rUxjysqif/BZQH2yhd5Aaq7vXMSx9NdEsQcyA07uEzIvxgI7zIr33gGsh+RU0/XjmQpCW7RsVof1vlkvQVCK5A==}
    dev: false

  /ms/2.0.0:
    resolution: {integrity: sha1-VgiurfwAvmwpAd9fmGF4jeDVl8g=}
    dev: false

  /nan/2.15.0:
    resolution: {integrity: sha512-8ZtvEnA2c5aYCZYd1cvgdnU6cqwixRoYg70xPLWUws5ORTa/lnw+u4amixRS/Ac5U5mQVgp9pnlSUnbNWFaWZQ==}
    dev: false
    optional: true

  /object-assign/4.1.1:
    resolution: {integrity: sha1-IQmtx5ZYh8/AXLvUQsrIv7s2CGM=}
    engines: {node: '>=0.10.0'}
    dev: false

  /pause-stream/0.0.11:
    resolution: {integrity: sha1-/lo0sMvOErWqaitAPuLnO2AvFEU=}
    dependencies:
      through: 2.3.8
    dev: false

  /preserve/0.2.0:
    resolution: {integrity: sha1-gV7R9uvGWSb4ZbMQwHE7yzMVzks=}
    engines: {node: '>=0.10.0'}
    dev: false

  /randomatic/3.1.1:
    resolution: {integrity: sha512-TuDE5KxZ0J461RVjrJZCJc+J+zCkTb1MbH9AQUq68sMhOMcy9jLcb3BrZKgp9q9Ncltdg4QVqWrH02W2EFFVYw==}
    engines: {node: '>= 0.10.0'}
    dependencies:
      is-number: 4.0.0
      kind-of: 6.0.3
      math-random: 1.0.4
    dev: false

  /repeat-element/1.1.4:
    resolution: {integrity: sha512-LFiNfRcSu7KK3evMyYOuCzv3L10TW7yC1G2/+StMjK8Y6Vqd2MG7r/Qjw4ghtuCOjFvlnms/iMmLqpvW/ES/WQ==}
    engines: {node: '>=0.10.0'}
    dev: false

  /repeat-string/1.6.1:
    resolution: {integrity: sha1-jcrkcOHIirwtYA//Sndihtp15jc=}
    engines: {node: '>=0.10'}
    dev: false

  /scheduler/0.20.2:
    resolution: {integrity: sha512-2eWfGgAqqWFGqtdMmcL5zCMK1U8KlXv8SQFGglL3CEtd0aDVDWgeF/YoCmvln55m5zSk3J/20hTaSBeSObsQDQ==}
    dependencies:
      loose-envify: 1.4.0
      object-assign: 4.1.1
    dev: false

  /shelljs/0.5.3:
    resolution: {integrity: sha1-xUmCuZbHbvDB5rWfvcWCX1txMRM=}
    engines: {node: '>=0.8.0'}
    hasBin: true
    dev: false

  /through/2.3.8:
    resolution: {integrity: sha1-DdTJ/6q8NXlgsbckEV1+Doai4fU=}
    dev: false
