{
  "name": "local_package",
  "version": "1.0.0",
  "lockfileVersion": 2,
  "requires": true,
  "packages": {
    "": {
      "name": "local_package",
      "version": "1.0.0",
      "license": "ISC",
      "dependencies": {
        "mypackage": "file:./mypackage"
      }
    },
    "mypackage": {
      "version": "1.0.0",
      "license": "ISC"
    },
    "node_modules/mypackage": {
      "resolved": "mypackage",
      "link": true
    }
  },
  "dependencies": {
    "mypackage": {
      "version": "file:mypackage"
    }
  }
}
