PODS:
  - Bolts (1.9.0):
    - Bolts/AppLinks (= 1.9.0)
    - Bolts/Tasks (= 1.9.0)
  - Bolts/AppLinks (1.9.0):
    - Bolts/Tasks
  - Bolts/Tasks (1.9.0)
  - FBSDKCoreKit (4.33.0):
    - Bolts (~> 1.7)
  - FBSDKLoginKit (4.33.0):
    - FBSDKCoreKit
  - FirebaseCore (5.0.1):
    - "GoogleToolboxForMac/NSData+zlib (~> 2.1)"
  - GoogleToolboxForMac/Defines (2.1.4)
  - "GoogleToolboxForMac/NSData+zlib (2.1.4)":
    - GoogleToolboxForMac/Defines (= 2.1.4)
  - OCMock (3.4.1)

DEPENDENCIES:
  - FBSDKLoginKit (= 4.33.0)
  - FirebaseCore
  - OCMock (~> 3.4)

SPEC REPOS:
  https://github.com/cocoapods/specs.git:
    - Bolts
    - FBSDKCoreKit
    - FBSDKLoginKit
    - FirebaseCore
    - GoogleToolboxForMac
    - OCMock

SPEC CHECKSUMS:
  Bolts: ac6567323eac61e203f6a9763667d0f711be34c8
  FBSDKCoreKit: 572b047a7e029bc44542bcf8a59414e7ff2b543e
  FBSDKLoginKit: 88cb456349cfb3b554427ce4f8b43729d85dfb40
  FirebaseCore: cafc814b2d84fc8733f09e653041cc2165332ad7
  GoogleToolboxForMac: 91c824d21e85b31c2aae9bb011c5027c9b4e738f
  OCMock: 2cd0716969bab32a2283ff3a46fd26a8c8b4c5e3

PODFILE CHECKSUM: d0ec79889aef3bb4726fd6450afda314a35bfc0c

COCOAPODS: 1.5.2
